{
  "version": 1,
  "dependencies": {
    "net9.0-windows7.0": {
      "DalamudPackager": {
        "type": "Direct",
        "requested": "[13.0.0, )",
        "resolved": "13.0.0",
        "contentHash": "Mb3cUDSK/vDPQ8gQIeuCw03EMYrej1B4J44a1AvIJ9C759p9XeqdU9Hg4WgOmlnlPe0G7ILTD32PKSUpkQNa8w=="
      },
      "DotNet.ReproducibleBuilds": {
        "type": "Direct",
        "requested": "[1.2.25, )",
        "resolved": "1.2.25",
        "contentHash": "xCXiw7BCxHJ8pF6wPepRUddlh2dlQlbr81gXA72hdk4FLHkKXas7EH/n+fk5UCA/YfMqG1Z6XaPiUjDbUNBUzg=="
      },
      "FFXIVOcelot": {
        "type": "Direct",
        "requested": "[2.1.0, )",
        "resolved": "2.1.0",
        "contentHash": "PKWqQPhFKIUCnlF5e7Jr8sUy2aewd+U5eoUOa6wXOI9wcdNs+XzT5op2EdRLvn1cdn7aw7vZMDpJWXIi8O1JKg==",
        "dependencies": {
          "Microsoft.Extensions.DependencyInjection": "9.0.9"
        }
      },
      "FFXIVOcelot.Chain": {
        "type": "Direct",
        "requested": "[0.2.0, )",
        "resolved": "0.2.0",
        "contentHash": "CUk/xC0mJVtdyGpW3XfGnxGCli1tbzEP324pJ6FK05DKljeEfREFYQIDJnmpC2kOeZryOEVrnUpxKVSAv1Rn9g==",
        "dependencies": {
          "ECommons": "3.0.1.14",
          "FFXIVOcelot": "0.2.0",
          "FFXIVOcelot.Pathfinding": "0.2.0"
        }
      },
      "FFXIVOcelot.ECommons": {
        "type": "Direct",
        "requested": "[0.2.0, )",
        "resolved": "0.2.0",
        "contentHash": "b3UH7l8MPZ0P+9ikYJu9VsoDwn0McCCcRqnzG0U/a6YKnErhgUL1rWEy42nebnTE5z7DK4Wnr76Z7Ppg1FKIGw==",
        "dependencies": {
          "ECommons": "3.0.1.14",
          "FFXIVOcelot": "0.2.0"
        }
      },
      "FFXIVOcelot.Mechanic": {
        "type": "Direct",
        "requested": "[0.2.0, )",
        "resolved": "0.2.0",
        "contentHash": "ECmFb1bt4UWrYAvadPq2svKWm3Mxxv6ZHApeZyfrN2NKOU809Iibb2diQI3trT/zCFrMup5aFIMM3hxNPslrXg==",
        "dependencies": {
          "ECommons": "3.0.1.14",
          "FFXIVOcelot": "0.2.0"
        }
      },
      "FFXIVOcelot.Pathfinding": {
        "type": "Direct",
        "requested": "[0.2.0, )",
        "resolved": "0.2.0",
        "contentHash": "Q0RjJ9v9VNP4P2pWmNxqx2u3VrWSqg8i3lyfPUw/DaGciT/S7Um3pLdFnu3gkbBE6FUI9hw//ZGVZwY4RKz5hQ==",
        "dependencies": {
          "FFXIVOcelot": "0.2.0"
        }
      },
      "FFXIVOcelot.Pictomancy": {
        "type": "Direct",
        "requested": "[0.2.0, )",
        "resolved": "0.2.0",
        "contentHash": "Pz/Z19JaZHsw46dBjnh7rR6snG8jgUY9z1i4eaKmDK2b1bH7+rkN4l0KEyPAz6cRFMhCSlAGfXrx5NLa9pjhFg==",
        "dependencies": {
          "FFXIVOcelot": "0.2.0",
          "Pictomancy": "0.0.1"
        }
      },
      "FFXIVOcelot.Rotation": {
        "type": "Direct",
        "requested": "[0.2.0, )",
        "resolved": "0.2.0",
        "contentHash": "UmLYqdmk4hWfeZzm0zL1Q3YIqBYAdcfyJGBa+uYJiiqLDWe5NRurxrs4gLGqbMrTR77zrNkxTexMZizg++uo+A==",
        "dependencies": {
          "FFXIVOcelot": "0.2.0"
        }
      },
      "FFXIVOcelot.UI": {
        "type": "Direct",
        "requested": "[0.2.0, )",
        "resolved": "0.2.0",
        "contentHash": "DlIeg8U4kXmPP2Q828IgMt40/1RJluA4ezv/lS44WrESCVX2uWy/kLqWKa4o0ogziG+vhNmBN2oXTM+S8fut4A==",
        "dependencies": {
          "FFXIVOcelot": "0.2.0"
        }
      },
      "Scrutor": {
        "type": "Direct",
        "requested": "[6.1.0, )",
        "resolved": "6.1.0",
        "contentHash": "m4+0RdgnX+jeiaqteq9x5SwEtuCjWG0KTw1jBjCzn7V8mCanXKoeF8+59E0fcoRbAjdEq6YqHFCmxZ49Kvqp3g==",
        "dependencies": {
          "Microsoft.Extensions.DependencyInjection.Abstractions": "8.0.1",
          "Microsoft.Extensions.DependencyModel": "8.0.2"
        }
      },
      "ECommons": {
        "type": "Transitive",
        "resolved": "3.0.1.14",
        "contentHash": "lqe2BlFaB6BS2MFXQsu33pIr/axjGmz4K4PoJwYwgcZGvt3JJqFIGLXTHUTYeWvT3eEfByPT0FQ7IdTCHQNdhA=="
      },
      "Microsoft.Extensions.DependencyInjection": {
        "type": "Transitive",
        "resolved": "9.0.9",
        "contentHash": "zQV2WOSP+3z1EuK91ULxfGgo2Y75bTRnmJHp08+w/YXAyekZutX/qCd88/HOMNh35MDW9mJJJxPpMPS+1Rww8A==",
        "dependencies": {
          "Microsoft.Extensions.DependencyInjection.Abstractions": "9.0.9"
        }
      },
      "Microsoft.Extensions.DependencyInjection.Abstractions": {
        "type": "Transitive",
        "resolved": "9.0.9",
        "contentHash": "/hymojfWbE9AlDOa0mczR44m00Jj+T3+HZO0ZnVTI032fVycI0ZbNOVFP6kqZMcXiLSYXzR2ilcwaRi6dzeGyA=="
      },
      "Microsoft.Extensions.DependencyModel": {
        "type": "Transitive",
        "resolved": "8.0.2",
        "contentHash": "mUBDZZRgZrSyFOsJ2qJJ9fXfqd/kXJwf3AiDoqLD9m6TjY5OO/vLNOb9fb4juC0487eq4hcGN/M2Rh/CKS7QYw=="
      },
      "Microsoft.NETCore.Platforms": {
        "type": "Transitive",
        "resolved": "1.1.0",
        "contentHash": "kz0PEW2lhqygehI/d6XsPCQzD7ff7gUJaVGPVETX611eadGsA3A877GdSlU0LRVMCTH/+P3o2iDTak+S08V2+A=="
      },
      "NETStandard.Library": {
        "type": "Transitive",
        "resolved": "1.6.1",
        "contentHash": "WcSp3+vP+yHNgS8EV5J7pZ9IRpeDuARBPN28by8zqff1wJQXm26PVU8L3/fYLBJVU7BtDyqNVWq2KlCVvSSR4A==",
        "dependencies": {
          "Microsoft.NETCore.Platforms": "1.1.0"
        }
      },
      "Pictomancy": {
        "type": "Transitive",
        "resolved": "0.0.1",
        "contentHash": "o40yKEYUsUmHLGEyfi2dzrPJBaiYGAL6Jwc32NOZUx9znXvwL0RS2A3AOGzi4wHhTEfTesLuU5yNIs60hT4ayg==",
        "dependencies": {
          "SharpDX.D3DCompiler": "4.2.0",
          "SharpDX.Direct2D1": "4.2.0",
          "SharpDX.Direct3D11": "4.2.0",
          "SharpDX.Mathematics": "4.2.0"
        }
      },
      "SharpDX": {
        "type": "Transitive",
        "resolved": "4.2.0",
        "contentHash": "3pv0LFMvfK/dv1qISJnn8xBeeT6R/FRvr0EV4KI2DGsL84Qlv6P7isWqxGyU0LCwlSVCJN3jgHJ4Bl0KI2PJww==",
        "dependencies": {
          "NETStandard.Library": "1.6.1"
        }
      },
      "SharpDX.D3DCompiler": {
        "type": "Transitive",
        "resolved": "4.2.0",
        "contentHash": "Rnsd6Ilp127xbXqhTit8WKFQUrXwWxqVGpglyWDNkIBCk0tWXNQEjrJpsl0KAObzyZaa33+EXAikLVt5fnd3GA==",
        "dependencies": {
          "NETStandard.Library": "1.6.1",
          "SharpDX": "4.2.0"
        }
      },
      "SharpDX.Direct2D1": {
        "type": "Transitive",
        "resolved": "4.2.0",
        "contentHash": "Qs8LzDMaQf1u3KB8ArHu9pDv6itZ++QXs99a/bVAG+nKr0Hx5NG4mcN5vsfE0mVR2TkeHfeUm4PksRah6VUPtA==",
        "dependencies": {
          "NETStandard.Library": "1.6.1",
          "SharpDX": "4.2.0",
          "SharpDX.DXGI": "4.2.0"
        }
      },
      "SharpDX.Direct3D11": {
        "type": "Transitive",
        "resolved": "4.2.0",
        "contentHash": "oTm/iT5X/IIuJ8kNYP+DTC/MhBhqtRF5dbgPPFgLBdQv0BKzNTzXQQXd7SveBFjQg6hXEAJ2jGCAzNYvGFc9LA==",
        "dependencies": {
          "NETStandard.Library": "1.6.1",
          "SharpDX": "4.2.0",
          "SharpDX.DXGI": "4.2.0"
        }
      },
      "SharpDX.DXGI": {
        "type": "Transitive",
        "resolved": "4.2.0",
        "contentHash": "UjKqkgWc8U+SP+j3LBzFP6OB6Ntapjih7Xo+g1rLcsGbIb5KwewBrBChaUu7sil8rWoeVU/k0EJd3SMN4VqNZw==",
        "dependencies": {
          "NETStandard.Library": "1.6.1",
          "SharpDX": "4.2.0"
        }
      },
      "SharpDX.Mathematics": {
        "type": "Transitive",
        "resolved": "4.2.0",
        "contentHash": "R2pcKLgdsP9p5WyTjHmGOZ0ka0zASAZYc6P4L6rSvjYhf6klGYbent7MiVwbkwkt9dD44p5brjy5IwAnVONWGw==",
        "dependencies": {
          "NETStandard.Library": "1.6.1",
          "SharpDX": "4.2.0"
        }
      }
    }
  }
}