{
  "version": 1,
  "dependencies": {
    "net10.0-windows7.0": {
      "DalamudPackager": {
        "type": "Direct",
        "requested": "[14.0.1, )",
        "resolved": "14.0.1",
        "contentHash": "y0WWyUE6dhpGdolK3iKgwys05/nZaVf4ZPtIjpLhJBZvHxkkiE23zYRo7K7uqAgoK/QvK5cqF6l3VG5AbgC6KA=="
      },
      "DotNet.ReproducibleBuilds": {
        "type": "Direct",
        "requested": "[1.2.39, )",
        "resolved": "1.2.39",
        "contentHash": "fcFN01tDTIQqDuTwr1jUQK/geofiwjG5DycJQOnC72i1SsLAk1ELe+apBOuZ11UMQG8YKFZG1FgvjZPbqHyatg=="
      },
      "FFXIVOcelot": {
        "type": "Direct",
        "requested": "[3.2.0, )",
        "resolved": "3.2.0",
        "contentHash": "W99r4KrNeCu4niBM7rOzpUwzZAFDusB4q4IKMt2ATMRmTlYrV6OsabTlxlggHPffX87z0mjFnPEnNO2VRg953Q==",
        "dependencies": {
          "Microsoft.Extensions.DependencyInjection": "9.0.9"
        }
      },
      "FFXIVOcelot.Chain": {
        "type": "Direct",
        "requested": "[1.1.0, )",
        "resolved": "1.1.0",
        "contentHash": "aXMKXOGgc1BDUPRjhhnFVmsew34lJ+Kq9Iw+NUFh7n8nNw7HwD7tHVsH+bNHcDKJAb0SHWbTWElX2MzVWn84yw==",
        "dependencies": {
          "ECommons": "3.0.1.14",
          "FFXIVOcelot": "1.1.0",
          "FFXIVOcelot.Pathfinding": "1.1.0"
        }
      },
      "FFXIVOcelot.ECommons": {
        "type": "Direct",
        "requested": "[1.2.0, )",
        "resolved": "1.2.0",
        "contentHash": "WmX35z2FCHEWqM6dIRPje1F6uV1Lbdru/IGHa3vIx2xRPmceSCF8vdOXZn5mmQVKD32l5oPdYFiHFkICmbu6qw==",
        "dependencies": {
          "ECommons": "3.1.0.10",
          "FFXIVOcelot": "1.2.0"
        }
      },
      "FFXIVOcelot.Mechanic": {
        "type": "Direct",
        "requested": "[1.1.0, )",
        "resolved": "1.1.0",
        "contentHash": "MLDK+5nhcJY0/poKNYMQXtysb0SaasVcWO+X3V1jv4XRTpw68k74AD2kiuTMtlp7EO3uu9w4Zb9C7acSzXwG9g==",
        "dependencies": {
          "ECommons": "3.0.1.14",
          "FFXIVOcelot": "1.1.0"
        }
      },
      "FFXIVOcelot.Pathfinding": {
        "type": "Direct",
        "requested": "[1.1.0, )",
        "resolved": "1.1.0",
        "contentHash": "DRIMSKUKOOTBEGcU8d0XVf2G6mViHvfpNfpgbJ50Eg6k76fll4xahXBKOeItQRGdSHfWqen9l1mFUK9GjJNZkg==",
        "dependencies": {
          "FFXIVOcelot": "1.1.0"
        }
      },
      "FFXIVOcelot.Pictomancy": {
        "type": "Direct",
        "requested": "[1.1.0, )",
        "resolved": "1.1.0",
        "contentHash": "j+NhOomoZHt4E3qB5wewLlfmrfzTzVSa1NuZlGnDQhjgH9QRuul6s8zEL2EqqcuZS6CsD7HMI8VD6LqTN4JLvg==",
        "dependencies": {
          "FFXIVOcelot": "1.1.0",
          "Pictomancy": "0.0.2"
        }
      },
      "FFXIVOcelot.Rotation": {
        "type": "Direct",
        "requested": "[1.1.0, )",
        "resolved": "1.1.0",
        "contentHash": "yCbgdWAuDP9eJ0ZCW46n9Pso1FnpMXXLk5vcsV9E4yYTv2b9k8XLstgqdqfaIT3Z+lDAcEqxfm+afqPraguQvw==",
        "dependencies": {
          "FFXIVOcelot": "1.1.0"
        }
      },
      "FFXIVOcelot.UI": {
        "type": "Direct",
        "requested": "[1.1.0, )",
        "resolved": "1.1.0",
        "contentHash": "JUG5SWIRIPUI3p3rSV4NRkKjuWWSZCakvy8nd5nEbLNauuRVvOcy5dPiHfSNeDqYI9KBQ95XDDF9hq3mU2hMcg==",
        "dependencies": {
          "FFXIVOcelot": "1.1.0"
        }
      },
      "Scrutor": {
        "type": "Direct",
        "requested": "[6.1.0, )",
        "resolved": "6.1.0",
        "contentHash": "m4+0RdgnX+jeiaqteq9x5SwEtuCjWG0KTw1jBjCzn7V8mCanXKoeF8+59E0fcoRbAjdEq6YqHFCmxZ49Kvqp3g==",
        "dependencies": {
          "Microsoft.Extensions.DependencyInjection.Abstractions": "8.0.1",
          "Microsoft.Extensions.DependencyModel": "8.0.2"
        }
      },
      "ECommons": {
        "type": "Transitive",
        "resolved": "3.1.0.10",
        "contentHash": "afgAdXz9ykESACvgssr9PXsPb8i7ZwSyqw58IGzgURUxkH8Hm1qIxwzybLDE5Eo8BXr4nESGqcRqEpbviH4/3g=="
      },
      "Microsoft.Extensions.DependencyInjection": {
        "type": "Transitive",
        "resolved": "9.0.9",
        "contentHash": "zQV2WOSP+3z1EuK91ULxfGgo2Y75bTRnmJHp08+w/YXAyekZutX/qCd88/HOMNh35MDW9mJJJxPpMPS+1Rww8A==",
        "dependencies": {
          "Microsoft.Extensions.DependencyInjection.Abstractions": "9.0.9"
        }
      },
      "Microsoft.Extensions.DependencyInjection.Abstractions": {
        "type": "Transitive",
        "resolved": "9.0.9",
        "contentHash": "/hymojfWbE9AlDOa0mczR44m00Jj+T3+HZO0ZnVTI032fVycI0ZbNOVFP6kqZMcXiLSYXzR2ilcwaRi6dzeGyA=="
      },
      "Microsoft.Extensions.DependencyModel": {
        "type": "Transitive",
        "resolved": "8.0.2",
        "contentHash": "mUBDZZRgZrSyFOsJ2qJJ9fXfqd/kXJwf3AiDoqLD9m6TjY5OO/vLNOb9fb4juC0487eq4hcGN/M2Rh/CKS7QYw=="
      },
      "Microsoft.NETCore.Platforms": {
        "type": "Transitive",
        "resolved": "1.1.0",
        "contentHash": "kz0PEW2lhqygehI/d6XsPCQzD7ff7gUJaVGPVETX611eadGsA3A877GdSlU0LRVMCTH/+P3o2iDTak+S08V2+A=="
      },
      "NETStandard.Library": {
        "type": "Transitive",
        "resolved": "1.6.1",
        "contentHash": "WcSp3+vP+yHNgS8EV5J7pZ9IRpeDuARBPN28by8zqff1wJQXm26PVU8L3/fYLBJVU7BtDyqNVWq2KlCVvSSR4A==",
        "dependencies": {
          "Microsoft.NETCore.Platforms": "1.1.0"
        }
      },
      "Pictomancy": {
        "type": "Transitive",
        "resolved": "0.0.2",
        "contentHash": "th7LcwtMgGWbhfZu7cyKYQKIOpRHzC/O9YvbWy5FSEs0zs1rgC/jgFg1MuX6F4XireR3XJgmg+RcHY+TCKBpsw==",
        "dependencies": {
          "SharpDX.D3DCompiler": "4.2.0",
          "SharpDX.Direct2D1": "4.2.0",
          "SharpDX.Direct3D11": "4.2.0",
          "SharpDX.Mathematics": "4.2.0"
        }
      },
      "SharpDX": {
        "type": "Transitive",
        "resolved": "4.2.0",
        "contentHash": "3pv0LFMvfK/dv1qISJnn8xBeeT6R/FRvr0EV4KI2DGsL84Qlv6P7isWqxGyU0LCwlSVCJN3jgHJ4Bl0KI2PJww==",
        "dependencies": {
          "NETStandard.Library": "1.6.1"
        }
      },
      "SharpDX.D3DCompiler": {
        "type": "Transitive",
        "resolved": "4.2.0",
        "contentHash": "Rnsd6Ilp127xbXqhTit8WKFQUrXwWxqVGpglyWDNkIBCk0tWXNQEjrJpsl0KAObzyZaa33+EXAikLVt5fnd3GA==",
        "dependencies": {
          "NETStandard.Library": "1.6.1",
          "SharpDX": "4.2.0"
        }
      },
      "SharpDX.Direct2D1": {
        "type": "Transitive",
        "resolved": "4.2.0",
        "contentHash": "Qs8LzDMaQf1u3KB8ArHu9pDv6itZ++QXs99a/bVAG+nKr0Hx5NG4mcN5vsfE0mVR2TkeHfeUm4PksRah6VUPtA==",
        "dependencies": {
          "NETStandard.Library": "1.6.1",
          "SharpDX": "4.2.0",
          "SharpDX.DXGI": "4.2.0"
        }
      },
      "SharpDX.Direct3D11": {
        "type": "Transitive",
        "resolved": "4.2.0",
        "contentHash": "oTm/iT5X/IIuJ8kNYP+DTC/MhBhqtRF5dbgPPFgLBdQv0BKzNTzXQQXd7SveBFjQg6hXEAJ2jGCAzNYvGFc9LA==",
        "dependencies": {
          "NETStandard.Library": "1.6.1",
          "SharpDX": "4.2.0",
          "SharpDX.DXGI": "4.2.0"
        }
      },
      "SharpDX.DXGI": {
        "type": "Transitive",
        "resolved": "4.2.0",
        "contentHash": "UjKqkgWc8U+SP+j3LBzFP6OB6Ntapjih7Xo+g1rLcsGbIb5KwewBrBChaUu7sil8rWoeVU/k0EJd3SMN4VqNZw==",
        "dependencies": {
          "NETStandard.Library": "1.6.1",
          "SharpDX": "4.2.0"
        }
      },
      "SharpDX.Mathematics": {
        "type": "Transitive",
        "resolved": "4.2.0",
        "contentHash": "R2pcKLgdsP9p5WyTjHmGOZ0ka0zASAZYc6P4L6rSvjYhf6klGYbent7MiVwbkwkt9dD44p5brjy5IwAnVONWGw==",
        "dependencies": {
          "NETStandard.Library": "1.6.1",
          "SharpDX": "4.2.0"
        }
      }
    }
  }
}